
Microsoft Visual Studio Solution File, Format Version 12.00
# Visual Studio Version 16
VisualStudioVersion = 16.0.28803.202
MinimumVisualStudioVersion = 10.0.40219.1
Project("{FAE04EC0-301F-11D3-BF4B-00C04F79EFBC}") = "PersonalBlog", "PersonalBlog\PersonalBlog.csproj", "{4463D1CF-B496-498F-88DE-2C83E4EDD622}"
EndProject
Global
	GlobalSection(SolutionConfigurationPlatforms) = preSolution
		Debug|Any CPU = Debug|Any CPU
		Release|Any CPU = Release|Any CPU
	EndGlobalSection
	GlobalSection(ProjectConfigurationPlatforms) = postSolution
		{4463D1CF-B496-498F-88DE-2C83E4EDD622}.Debug|Any CPU.ActiveCfg = Debug|Any CPU
		{4463D1CF-B496-498F-88DE-2C83E4EDD622}.Debug|Any CPU.Build.0 = Debug|Any CPU
		{4463D1CF-B496-498F-88DE-2C83E4EDD622}.Release|Any CPU.ActiveCfg = Release|Any CPU
		{4463D1CF-B496-498F-88DE-2C83E4EDD622}.Release|Any CPU.Build.0 = Release|Any CPU
	EndGlobalSection
	GlobalSection(SolutionProperties) = preSolution
		HideSolutionNode = FALSE
	EndGlobalSection
	GlobalSection(ExtensibilityGlobals) = postSolution
		SolutionGuid = {12B66E5D-75F7-4D57-90A5-46E9497E07A1}
	EndGlobalSection
EndGlobal
