
Microsoft Visual Studio Solution File, Format Version 12.00
# Visual Studio Version 16
VisualStudioVersion = 16.0.28803.202
MinimumVisualStudioVersion = 10.0.40219.1
Project("{FAE04EC0-301F-11D3-BF4B-00C04F79EFBC}") = "WpfDi", "WpfDi\WpfDi.csproj", "{BF2699BC-8516-4534-8859-816FE473AEC5}"
EndProject
Global
	GlobalSection(SolutionConfigurationPlatforms) = preSolution
		Debug|Any CPU = Debug|Any CPU
		Release|Any CPU = Release|Any CPU
	EndGlobalSection
	GlobalSection(ProjectConfigurationPlatforms) = postSolution
		{BF2699BC-8516-4534-8859-816FE473AEC5}.Debug|Any CPU.ActiveCfg = Debug|Any CPU
		{BF2699BC-8516-4534-8859-816FE473AEC5}.Debug|Any CPU.Build.0 = Debug|Any CPU
		{BF2699BC-8516-4534-8859-816FE473AEC5}.Release|Any CPU.ActiveCfg = Release|Any CPU
		{BF2699BC-8516-4534-8859-816FE473AEC5}.Release|Any CPU.Build.0 = Release|Any CPU
	EndGlobalSection
	GlobalSection(SolutionProperties) = preSolution
		HideSolutionNode = FALSE
	EndGlobalSection
	GlobalSection(ExtensibilityGlobals) = postSolution
		SolutionGuid = {709D2438-51F6-4A75-AB1E-32E787D9DF2B}
	EndGlobalSection
EndGlobal
