
Microsoft Visual Studio Solution File, Format Version 12.00
# Visual Studio Version 16
VisualStudioVersion = 16.0.28803.202
MinimumVisualStudioVersion = 10.0.40219.1
Project("{FAE04EC0-301F-11D3-BF4B-00C04F79EFBC}") = "ScopedVSTransient", "ScopedVSTransient\ScopedVSTransient.csproj", "{AEB6C1C7-4453-4345-B2BB-978534F23C63}"
EndProject
Global
	GlobalSection(SolutionConfigurationPlatforms) = preSolution
		Debug|Any CPU = Debug|Any CPU
		Release|Any CPU = Release|Any CPU
	EndGlobalSection
	GlobalSection(ProjectConfigurationPlatforms) = postSolution
		{AEB6C1C7-4453-4345-B2BB-978534F23C63}.Debug|Any CPU.ActiveCfg = Debug|Any CPU
		{AEB6C1C7-4453-4345-B2BB-978534F23C63}.Debug|Any CPU.Build.0 = Debug|Any CPU
		{AEB6C1C7-4453-4345-B2BB-978534F23C63}.Release|Any CPU.ActiveCfg = Release|Any CPU
		{AEB6C1C7-4453-4345-B2BB-978534F23C63}.Release|Any CPU.Build.0 = Release|Any CPU
	EndGlobalSection
	GlobalSection(SolutionProperties) = preSolution
		HideSolutionNode = FALSE
	EndGlobalSection
	GlobalSection(ExtensibilityGlobals) = postSolution
		SolutionGuid = {CD79A07B-0599-4000-8D3B-536EA1D6DE0F}
	EndGlobalSection
EndGlobal
